
Microsoft Visual Studio Solution File, Format Version 12.00
# Visual Studio Version 17
VisualStudioVersion = 17.0.31919.166
MinimumVisualStudioVersion = 10.0.40219.1
Project("{F2A71F9B-5D33-465A-A702-920D77279786}") = "Tick2Wire", "Tick2Wire.fsproj", "{75D9D46E-F38D-43EA-A62A-AE7721945803}"
EndProject
Global
	GlobalSection(SolutionConfigurationPlatforms) = preSolution
		Debug|Any CPU = Debug|Any CPU
		Release|Any CPU = Release|Any CPU
	EndGlobalSection
	GlobalSection(ProjectConfigurationPlatforms) = postSolution
		{75D9D46E-F38D-43EA-A62A-AE7721945803}.Debug|Any CPU.ActiveCfg = Debug|Any CPU
		{75D9D46E-F38D-43EA-A62A-AE7721945803}.Debug|Any CPU.Build.0 = Debug|Any CPU
		{75D9D46E-F38D-43EA-A62A-AE7721945803}.Release|Any CPU.ActiveCfg = Release|Any CPU
		{75D9D46E-F38D-43EA-A62A-AE7721945803}.Release|Any CPU.Build.0 = Release|Any CPU
	EndGlobalSection
	GlobalSection(SolutionProperties) = preSolution
		HideSolutionNode = FALSE
	EndGlobalSection
	GlobalSection(ExtensibilityGlobals) = postSolution
		SolutionGuid = {D6864187-AD73-4642-8CAD-ABD3C7A67155}
	EndGlobalSection
EndGlobal
